
Microsoft Visual Studio Solution File, Format Version 12.00
# Visual Studio Version 16
VisualStudioVersion = 16.0.31424.327
MinimumVisualStudioVersion = 10.0.40219.1
Project("{FAE04EC0-301F-11D3-BF4B-00C04F79EFBC}") = "TestProject1", "TestProject1\TestProject1.csproj", "{B4F05887-1A3D-4826-9DB9-A8EC1A446CCB}"
EndProject
Global
	GlobalSection(SolutionConfigurationPlatforms) = preSolution
		Debug|Any CPU = Debug|Any CPU
		Release|Any CPU = Release|Any CPU
	EndGlobalSection
	GlobalSection(ProjectConfigurationPlatforms) = postSolution
		{B4F05887-1A3D-4826-9DB9-A8EC1A446CCB}.Debug|Any CPU.ActiveCfg = Debug|Any CPU
		{B4F05887-1A3D-4826-9DB9-A8EC1A446CCB}.Debug|Any CPU.Build.0 = Debug|Any CPU
		{B4F05887-1A3D-4826-9DB9-A8EC1A446CCB}.Release|Any CPU.ActiveCfg = Release|Any CPU
		{B4F05887-1A3D-4826-9DB9-A8EC1A446CCB}.Release|Any CPU.Build.0 = Release|Any CPU
	EndGlobalSection
	GlobalSection(SolutionProperties) = preSolution
		HideSolutionNode = FALSE
	EndGlobalSection
	GlobalSection(ExtensibilityGlobals) = postSolution
		SolutionGuid = {B48B821B-8963-457F-8BA1-05E15B5B2150}
	EndGlobalSection
EndGlobal
